
Microsoft Visual Studio Solution File, Format Version 12.00
# Visual Studio Version 17
VisualStudioVersion = 17.9.34728.123
MinimumVisualStudioVersion = 10.0.40219.1
Project("{FAE04EC0-301F-11D3-BF4B-00C04F79EFBC}") = "TcpServerWithNitoAsync", "TcpServerWithNitoAsync\TcpServerWithNitoAsync.csproj", "{3488BE78-09CE-4F4A-9DF0-671E2B0B7D87}"
EndProject
Global
	GlobalSection(SolutionConfigurationPlatforms) = preSolution
		Debug|Any CPU = Debug|Any CPU
		Release|Any CPU = Release|Any CPU
	EndGlobalSection
	GlobalSection(ProjectConfigurationPlatforms) = postSolution
		{3488BE78-09CE-4F4A-9DF0-671E2B0B7D87}.Debug|Any CPU.ActiveCfg = Debug|Any CPU
		{3488BE78-09CE-4F4A-9DF0-671E2B0B7D87}.Debug|Any CPU.Build.0 = Debug|Any CPU
		{3488BE78-09CE-4F4A-9DF0-671E2B0B7D87}.Release|Any CPU.ActiveCfg = Release|Any CPU
		{3488BE78-09CE-4F4A-9DF0-671E2B0B7D87}.Release|Any CPU.Build.0 = Release|Any CPU
	EndGlobalSection
	GlobalSection(SolutionProperties) = preSolution
		HideSolutionNode = FALSE
	EndGlobalSection
	GlobalSection(ExtensibilityGlobals) = postSolution
		SolutionGuid = {08B61B31-C2D9-422B-8F44-43CEA6B35DEC}
	EndGlobalSection
EndGlobal
